
Microsoft Visual Studio Solution File, Format Version 12.00
# Visual Studio Version 16
VisualStudioVersion = 16.0.30225.117
MinimumVisualStudioVersion = 10.0.40219.1
Project("{9A19103F-16F7-4668-BE54-9A1E7A4F7556}") = "Catalog.API", "Catalog.API\Catalog.API.csproj", "{BB7F8FD3-30AF-42CE-9F31-2AF943658DF2}"
EndProject
Project("{E53339B2-1760-4266-BCC7-CA923CBCF16C}") = "docker-compose", "docker-compose.dcproj", "{A5CEEF10-A6F8-4F68-B936-27BAEC31EA3F}"
EndProject
Project("{9A19103F-16F7-4668-BE54-9A1E7A4F7556}") = "Basket.API", "Basket.API\Basket.API.csproj", "{1CF29D94-8DD8-4EC3-8C64-152CA0AC8524}"
EndProject
Project("{9A19103F-16F7-4668-BE54-9A1E7A4F7556}") = "Discount.API", "Discount.API\Discount.API.csproj", "{DA5481AC-FC59-4BD9-9F61-31F18188F210}"
EndProject
Project("{9A19103F-16F7-4668-BE54-9A1E7A4F7556}") = "Discount.GRPC", "GrpcService1\Discount.GRPC.csproj", "{BBA602AF-7FBE-420D-8921-DAC6AE273158}"
EndProject
Global
	GlobalSection(SolutionConfigurationPlatforms) = preSolution
		Debug|Any CPU = Debug|Any CPU
		Release|Any CPU = Release|Any CPU
	EndGlobalSection
	GlobalSection(ProjectConfigurationPlatforms) = postSolution
		{BB7F8FD3-30AF-42CE-9F31-2AF943658DF2}.Debug|Any CPU.ActiveCfg = Debug|Any CPU
		{BB7F8FD3-30AF-42CE-9F31-2AF943658DF2}.Debug|Any CPU.Build.0 = Debug|Any CPU
		{BB7F8FD3-30AF-42CE-9F31-2AF943658DF2}.Release|Any CPU.ActiveCfg = Release|Any CPU
		{BB7F8FD3-30AF-42CE-9F31-2AF943658DF2}.Release|Any CPU.Build.0 = Release|Any CPU
		{A5CEEF10-A6F8-4F68-B936-27BAEC31EA3F}.Debug|Any CPU.ActiveCfg = Debug|Any CPU
		{A5CEEF10-A6F8-4F68-B936-27BAEC31EA3F}.Debug|Any CPU.Build.0 = Debug|Any CPU
		{A5CEEF10-A6F8-4F68-B936-27BAEC31EA3F}.Release|Any CPU.ActiveCfg = Release|Any CPU
		{A5CEEF10-A6F8-4F68-B936-27BAEC31EA3F}.Release|Any CPU.Build.0 = Release|Any CPU
		{1CF29D94-8DD8-4EC3-8C64-152CA0AC8524}.Debug|Any CPU.ActiveCfg = Debug|Any CPU
		{1CF29D94-8DD8-4EC3-8C64-152CA0AC8524}.Debug|Any CPU.Build.0 = Debug|Any CPU
		{1CF29D94-8DD8-4EC3-8C64-152CA0AC8524}.Release|Any CPU.ActiveCfg = Release|Any CPU
		{1CF29D94-8DD8-4EC3-8C64-152CA0AC8524}.Release|Any CPU.Build.0 = Release|Any CPU
		{DA5481AC-FC59-4BD9-9F61-31F18188F210}.Debug|Any CPU.ActiveCfg = Debug|Any CPU
		{DA5481AC-FC59-4BD9-9F61-31F18188F210}.Debug|Any CPU.Build.0 = Debug|Any CPU
		{DA5481AC-FC59-4BD9-9F61-31F18188F210}.Release|Any CPU.ActiveCfg = Release|Any CPU
		{DA5481AC-FC59-4BD9-9F61-31F18188F210}.Release|Any CPU.Build.0 = Release|Any CPU
		{BBA602AF-7FBE-420D-8921-DAC6AE273158}.Debug|Any CPU.ActiveCfg = Debug|Any CPU
		{BBA602AF-7FBE-420D-8921-DAC6AE273158}.Debug|Any CPU.Build.0 = Debug|Any CPU
		{BBA602AF-7FBE-420D-8921-DAC6AE273158}.Release|Any CPU.ActiveCfg = Release|Any CPU
		{BBA602AF-7FBE-420D-8921-DAC6AE273158}.Release|Any CPU.Build.0 = Release|Any CPU
	EndGlobalSection
	GlobalSection(SolutionProperties) = preSolution
		HideSolutionNode = FALSE
	EndGlobalSection
	GlobalSection(ExtensibilityGlobals) = postSolution
		SolutionGuid = {030B42F4-9E7B-4F8E-8CD1-234D82116759}
	EndGlobalSection
EndGlobal
